
Microsoft Visual Studio Solution File, Format Version 12.00
# Visual Studio Version 17
VisualStudioVersion = 17.14.36414.22 d17.14
MinimumVisualStudioVersion = 10.0.40219.1
Project("{FAE04EC0-301F-11D3-BF4B-00C04F79EFBC}") = "Producer", "Producer\Producer.csproj", "{A806E4C1-D470-4836-BA56-06D7E1DCDB42}"
EndProject
Global
	GlobalSection(SolutionConfigurationPlatforms) = preSolution
		Debug|Any CPU = Debug|Any CPU
		Release|Any CPU = Release|Any CPU
	EndGlobalSection
	GlobalSection(ProjectConfigurationPlatforms) = postSolution
		{A806E4C1-D470-4836-BA56-06D7E1DCDB42}.Debug|Any CPU.ActiveCfg = Debug|Any CPU
		{A806E4C1-D470-4836-BA56-06D7E1DCDB42}.Debug|Any CPU.Build.0 = Debug|Any CPU
		{A806E4C1-D470-4836-BA56-06D7E1DCDB42}.Release|Any CPU.ActiveCfg = Release|Any CPU
		{A806E4C1-D470-4836-BA56-06D7E1DCDB42}.Release|Any CPU.Build.0 = Release|Any CPU
	EndGlobalSection
	GlobalSection(SolutionProperties) = preSolution
		HideSolutionNode = FALSE
	EndGlobalSection
	GlobalSection(ExtensibilityGlobals) = postSolution
		SolutionGuid = {E94DEA0D-2AE7-4A31-BF19-ADC6B355068B}
	EndGlobalSection
EndGlobal
